
Microsoft Visual Studio Solution File, Format Version 12.00
# Visual Studio 2012
Project("{FAE04EC0-301F-11D3-BF4B-00C04F79EFBC}") = "1. StructurePoint3D", "1. StructurePoint3D\1. StructurePoint3D.csproj", "{5D1DCA85-230B-423D-90C4-EB98DF3B3775}"
EndProject
Project("{FAE04EC0-301F-11D3-BF4B-00C04F79EFBC}") = "Attribute", "Attribute\Attribute.csproj", "{0E51C92C-1F67-4EC2-8D7D-EB0DCC0720C0}"
EndProject
Global
	GlobalSection(SolutionConfigurationPlatforms) = preSolution
		Debug|Any CPU = Debug|Any CPU
		Release|Any CPU = Release|Any CPU
	EndGlobalSection
	GlobalSection(ProjectConfigurationPlatforms) = postSolution
		{5D1DCA85-230B-423D-90C4-EB98DF3B3775}.Debug|Any CPU.ActiveCfg = Debug|Any CPU
		{5D1DCA85-230B-423D-90C4-EB98DF3B3775}.Debug|Any CPU.Build.0 = Debug|Any CPU
		{5D1DCA85-230B-423D-90C4-EB98DF3B3775}.Release|Any CPU.ActiveCfg = Release|Any CPU
		{5D1DCA85-230B-423D-90C4-EB98DF3B3775}.Release|Any CPU.Build.0 = Release|Any CPU
		{0E51C92C-1F67-4EC2-8D7D-EB0DCC0720C0}.Debug|Any CPU.ActiveCfg = Debug|Any CPU
		{0E51C92C-1F67-4EC2-8D7D-EB0DCC0720C0}.Debug|Any CPU.Build.0 = Debug|Any CPU
		{0E51C92C-1F67-4EC2-8D7D-EB0DCC0720C0}.Release|Any CPU.ActiveCfg = Release|Any CPU
		{0E51C92C-1F67-4EC2-8D7D-EB0DCC0720C0}.Release|Any CPU.Build.0 = Release|Any CPU
	EndGlobalSection
	GlobalSection(SolutionProperties) = preSolution
		HideSolutionNode = FALSE
	EndGlobalSection
EndGlobal
